
Microsoft Visual Studio Solution File, Format Version 12.00
# Visual Studio Version 16
VisualStudioVersion = 16.0.30104.148
MinimumVisualStudioVersion = 10.0.40219.1
Project("{FAE04EC0-301F-11D3-BF4B-00C04F79EFBC}") = "RoboticsProgramCompiler", "RoboticsProgramCompiler\RoboticsProgramCompiler.csproj", "{7C376FD2-B2F2-45A8-92DA-344A15996E6E}"
EndProject
Global
	GlobalSection(SolutionConfigurationPlatforms) = preSolution
		Debug|Any CPU = Debug|Any CPU
		Release|Any CPU = Release|Any CPU
	EndGlobalSection
	GlobalSection(ProjectConfigurationPlatforms) = postSolution
		{7C376FD2-B2F2-45A8-92DA-344A15996E6E}.Debug|Any CPU.ActiveCfg = Debug|Any CPU
		{7C376FD2-B2F2-45A8-92DA-344A15996E6E}.Debug|Any CPU.Build.0 = Debug|Any CPU
		{7C376FD2-B2F2-45A8-92DA-344A15996E6E}.Release|Any CPU.ActiveCfg = Release|Any CPU
		{7C376FD2-B2F2-45A8-92DA-344A15996E6E}.Release|Any CPU.Build.0 = Release|Any CPU
	EndGlobalSection
	GlobalSection(SolutionProperties) = preSolution
		HideSolutionNode = FALSE
	EndGlobalSection
	GlobalSection(ExtensibilityGlobals) = postSolution
		SolutionGuid = {973B3A48-DF0B-4DE6-8D36-4FF53350CFFE}
	EndGlobalSection
EndGlobal
